
Microsoft Visual Studio Solution File, Format Version 12.00
# Visual Studio 15
VisualStudioVersion = 15.0.27428.2027
MinimumVisualStudioVersion = 10.0.40219.1
Project("{FAE04EC0-301F-11D3-BF4B-00C04F79EFBC}") = "FinalAssessmentQuestion1", "FinalAssessmentQuestion1\FinalAssessmentQuestion1.csproj", "{7D15714B-B702-4324-999F-26C55B3D42DF}"
EndProject
Global
	GlobalSection(SolutionConfigurationPlatforms) = preSolution
		Debug|Any CPU = Debug|Any CPU
		Release|Any CPU = Release|Any CPU
	EndGlobalSection
	GlobalSection(ProjectConfigurationPlatforms) = postSolution
		{7D15714B-B702-4324-999F-26C55B3D42DF}.Debug|Any CPU.ActiveCfg = Debug|Any CPU
		{7D15714B-B702-4324-999F-26C55B3D42DF}.Debug|Any CPU.Build.0 = Debug|Any CPU
		{7D15714B-B702-4324-999F-26C55B3D42DF}.Release|Any CPU.ActiveCfg = Release|Any CPU
		{7D15714B-B702-4324-999F-26C55B3D42DF}.Release|Any CPU.Build.0 = Release|Any CPU
	EndGlobalSection
	GlobalSection(SolutionProperties) = preSolution
		HideSolutionNode = FALSE
	EndGlobalSection
	GlobalSection(ExtensibilityGlobals) = postSolution
		SolutionGuid = {936D4DCC-6680-4F19-B83D-1337D8708E9F}
	EndGlobalSection
EndGlobal
